
Microsoft Visual Studio Solution File, Format Version 12.00
# Visual Studio Version 16
VisualStudioVersion = 16.0.30114.105
MinimumVisualStudioVersion = 10.0.40219.1
Project("{FAE04EC0-301F-11D3-BF4B-00C04F79EFBC}") = "Samsung TV IP remote", "Samsung TV IP remote\Samsung TV IP remote.csproj", "{F1B52D8C-1AEB-4D89-B407-059E00553D3F}"
EndProject
Global
	GlobalSection(SolutionConfigurationPlatforms) = preSolution
		Debug|Any CPU = Debug|Any CPU
		Release|Any CPU = Release|Any CPU
	EndGlobalSection
	GlobalSection(ProjectConfigurationPlatforms) = postSolution
		{F1B52D8C-1AEB-4D89-B407-059E00553D3F}.Debug|Any CPU.ActiveCfg = Debug|Any CPU
		{F1B52D8C-1AEB-4D89-B407-059E00553D3F}.Debug|Any CPU.Build.0 = Debug|Any CPU
		{F1B52D8C-1AEB-4D89-B407-059E00553D3F}.Release|Any CPU.ActiveCfg = Release|Any CPU
		{F1B52D8C-1AEB-4D89-B407-059E00553D3F}.Release|Any CPU.Build.0 = Release|Any CPU
	EndGlobalSection
	GlobalSection(SolutionProperties) = preSolution
		HideSolutionNode = FALSE
	EndGlobalSection
	GlobalSection(ExtensibilityGlobals) = postSolution
		SolutionGuid = {8B3D1311-49D2-4D1E-9109-D32E2FC8F705}
	EndGlobalSection
EndGlobal
